// !$*UTF8*$!
{
	archiveVersion = 1;
	classes = {
	};
	objectVersion = 50;
	objects = {

/* Begin PBXBuildFile section */
		BFD771CB24FAB14500AFDC7C /* AppDelegate.swift in Sources */ = {isa = PBXBuildFile; fileRef = BFD771CA24FAB14500AFDC7C /* AppDelegate.swift */; };
		BFD771CD24FAB14500AFDC7C /* SceneDelegate.swift in Sources */ = {isa = PBXBuildFile; fileRef = BFD771CC24FAB14500AFDC7C /* SceneDelegate.swift */; };
		BFD771D024FAB14500AFDC7C /* Airflow.xcdatamodeld in Sources */ = {isa = PBXBuildFile; fileRef = BFD771CE24FAB14500AFDC7C /* Airflow.xcdatamodeld */; };
		BFD771D424FAB14A00AFDC7C /* Assets.xcassets in Resources */ = {isa = PBXBuildFile; fileRef = BFD771D324FAB14A00AFDC7C /* Assets.xcassets */; };
		BFD771D724FAB14A00AFDC7C /* Preview Assets.xcassets in Resources */ = {isa = PBXBuildFile; fileRef = BFD771D624FAB14A00AFDC7C /* Preview Assets.xcassets */; };
		BFD771DA24FAB14A00AFDC7C /* LaunchScreen.storyboard in Resources */ = {isa = PBXBuildFile; fileRef = BFD771D824FAB14A00AFDC7C /* LaunchScreen.storyboard */; };
		BFD771E224FAB16100AFDC7C /* HomeView.swift in Sources */ = {isa = PBXBuildFile; fileRef = BFD771E124FAB16100AFDC7C /* HomeView.swift */; };
		BFD771E424FAC08300AFDC7C /* AirQuality.swift in Sources */ = {isa = PBXBuildFile; fileRef = BFD771E324FAC08300AFDC7C /* AirQuality.swift */; };
		BFD771E624FAC11F00AFDC7C /* UserDefaults.swift in Sources */ = {isa = PBXBuildFile; fileRef = BFD771E524FAC11F00AFDC7C /* UserDefaults.swift */; };
/* End PBXBuildFile section */

/* Begin PBXFileReference section */
		BFD771C724FAB14500AFDC7C /* Airflow.app */ = {isa = PBXFileReference; explicitFileType = wrapper.application; includeInIndex = 0; path = Airflow.app; sourceTree = BUILT_PRODUCTS_DIR; };
		BFD771CA24FAB14500AFDC7C /* AppDelegate.swift */ = {isa = PBXFileReference; lastKnownFileType = sourcecode.swift; path = AppDelegate.swift; sourceTree = "<group>"; };
		BFD771CC24FAB14500AFDC7C /* SceneDelegate.swift */ = {isa = PBXFileReference; lastKnownFileType = sourcecode.swift; path = SceneDelegate.swift; sourceTree = "<group>"; };
		BFD771CF24FAB14500AFDC7C /* Airflow.xcdatamodel */ = {isa = PBXFileReference; lastKnownFileType = wrapper.xcdatamodel; path = Airflow.xcdatamodel; sourceTree = "<group>"; };
		BFD771D324FAB14A00AFDC7C /* Assets.xcassets */ = {isa = PBXFileReference; lastKnownFileType = folder.assetcatalog; path = Assets.xcassets; sourceTree = "<group>"; };
		BFD771D624FAB14A00AFDC7C /* Preview Assets.xcassets */ = {isa = PBXFileReference; lastKnownFileType = folder.assetcatalog; path = "Preview Assets.xcassets"; sourceTree = "<group>"; };
		BFD771D924FAB14A00AFDC7C /* Base */ = {isa = PBXFileReference; lastKnownFileType = file.storyboard; name = Base; path = Base.lproj/LaunchScreen.storyboard; sourceTree = "<group>"; };
		BFD771DB24FAB14A00AFDC7C /* Info.plist */ = {isa = PBXFileReference; lastKnownFileType = text.plist.xml; path = Info.plist; sourceTree = "<group>"; };
		BFD771E124FAB16100AFDC7C /* HomeView.swift */ = {isa = PBXFileReference; lastKnownFileType = sourcecode.swift; path = HomeView.swift; sourceTree = "<group>"; };
		BFD771E324FAC08300AFDC7C /* AirQuality.swift */ = {isa = PBXFileReference; lastKnownFileType = sourcecode.swift; path = AirQuality.swift; sourceTree = "<group>"; };
		BFD771E524FAC11F00AFDC7C /* UserDefaults.swift */ = {isa = PBXFileReference; lastKnownFileType = sourcecode.swift; path = UserDefaults.swift; sourceTree = "<group>"; };
/* End PBXFileReference section */

/* Begin PBXFrameworksBuildPhase section */
		BFD771C424FAB14500AFDC7C /* Frameworks */ = {
			isa = PBXFrameworksBuildPhase;
			buildActionMask = 2147483647;
			files = (
			);
			runOnlyForDeploymentPostprocessing = 0;
		};
/* End PBXFrameworksBuildPhase section */

/* Begin PBXGroup section */
		BFD771BE24FAB14500AFDC7C = {
			isa = PBXGroup;
			children = (
				BFD771C924FAB14500AFDC7C /* Airflow */,
				BFD771C824FAB14500AFDC7C /* Products */,
			);
			sourceTree = "<group>";
		};
		BFD771C824FAB14500AFDC7C /* Products */ = {
			isa = PBXGroup;
			children = (
				BFD771C724FAB14500AFDC7C /* Airflow.app */,
			);
			name = Products;
			sourceTree = "<group>";
		};
		BFD771C924FAB14500AFDC7C /* Airflow */ = {
			isa = PBXGroup;
			children = (
				BFD771CA24FAB14500AFDC7C /* AppDelegate.swift */,
				BFD771CC24FAB14500AFDC7C /* SceneDelegate.swift */,
				BFD771E124FAB16100AFDC7C /* HomeView.swift */,
				BFD771E324FAC08300AFDC7C /* AirQuality.swift */,
				BFD771E524FAC11F00AFDC7C /* UserDefaults.swift */,
				BFD771D324FAB14A00AFDC7C /* Assets.xcassets */,
				BFD771D824FAB14A00AFDC7C /* LaunchScreen.storyboard */,
				BFD771DB24FAB14A00AFDC7C /* Info.plist */,
				BFD771CE24FAB14500AFDC7C /* Airflow.xcdatamodeld */,
				BFD771D524FAB14A00AFDC7C /* Preview Content */,
			);
			path = Airflow;
			sourceTree = "<group>";
		};
		BFD771D524FAB14A00AFDC7C /* Preview Content */ = {
			isa = PBXGroup;
			children = (
				BFD771D624FAB14A00AFDC7C /* Preview Assets.xcassets */,
			);
			path = "Preview Content";
			sourceTree = "<group>";
		};
/* End PBXGroup section */

/* Begin PBXNativeTarget section */
		BFD771C624FAB14500AFDC7C /* Airflow */ = {
			isa = PBXNativeTarget;
			buildConfigurationList = BFD771DE24FAB14A00AFDC7C /* Build configuration list for PBXNativeTarget "Airflow" */;
			buildPhases = (
				BFD771C324FAB14500AFDC7C /* Sources */,
				BFD771C424FAB14500AFDC7C /* Frameworks */,
				BFD771C524FAB14500AFDC7C /* Resources */,
			);
			buildRules = (
			);
			dependencies = (
			);
			name = Airflow;
			productName = Airflow;
			productReference = BFD771C724FAB14500AFDC7C /* Airflow.app */;
			productType = "com.apple.product-type.application";
		};
/* End PBXNativeTarget section */

/* Begin PBXProject section */
		BFD771BF24FAB14500AFDC7C /* Project object */ = {
			isa = PBXProject;
			attributes = {
				LastSwiftUpdateCheck = 1160;
				LastUpgradeCheck = 1160;
				ORGANIZATIONNAME = "Sanchitha Dinesh";
				TargetAttributes = {
					BFD771C624FAB14500AFDC7C = {
						CreatedOnToolsVersion = 11.6;
					};
				};
			};
			buildConfigurationList = BFD771C224FAB14500AFDC7C /* Build configuration list for PBXProject "Airflow" */;
			compatibilityVersion = "Xcode 9.3";
			developmentRegion = en;
			hasScannedForEncodings = 0;
			knownRegions = (
				en,
				Base,
			);
			mainGroup = BFD771BE24FAB14500AFDC7C;
			productRefGroup = BFD771C824FAB14500AFDC7C /* Products */;
			projectDirPath = "";
			projectRoot = "";
			targets = (
				BFD771C624FAB14500AFDC7C /* Airflow */,
			);
		};
/* End PBXProject section */

/* Begin PBXResourcesBuildPhase section */
		BFD771C524FAB14500AFDC7C /* Resources */ = {
			isa = PBXResourcesBuildPhase;
			buildActionMask = 2147483647;
			files = (
				BFD771DA24FAB14A00AFDC7C /* LaunchScreen.storyboard in Resources */,
				BFD771D724FAB14A00AFDC7C /* Preview Assets.xcassets in Resources */,
				BFD771D424FAB14A00AFDC7C /* Assets.xcassets in Resources */,
			);
			runOnlyForDeploymentPostprocessing = 0;
		};
/* End PBXResourcesBuildPhase section */

/* Begin PBXSourcesBuildPhase section */
		BFD771C324FAB14500AFDC7C /* Sources */ = {
			isa = PBXSourcesBuildPhase;
			buildActionMask = 2147483647;
			files = (
				BFD771CB24FAB14500AFDC7C /* AppDelegate.swift in Sources */,
				BFD771D024FAB14500AFDC7C /* Airflow.xcdatamodeld in Sources */,
				BFD771CD24FAB14500AFDC7C /* SceneDelegate.swift in Sources */,
				BFD771E424FAC08300AFDC7C /* AirQuality.swift in Sources */,
				BFD771E624FAC11F00AFDC7C /* UserDefaults.swift in Sources */,
				BFD771E224FAB16100AFDC7C /* HomeView.swift in Sources */,
			);
			runOnlyForDeploymentPostprocessing = 0;
		};
/* End PBXSourcesBuildPhase section */

/* Begin PBXVariantGroup section */
		BFD771D824FAB14A00AFDC7C /* LaunchScreen.storyboard */ = {
			isa = PBXVariantGroup;
			children = (
				BFD771D924FAB14A00AFDC7C /* Base */,
			);
			name = LaunchScreen.storyboard;
			sourceTree = "<group>";
		};
/* End PBXVariantGroup section */

/* Begin XCBuildConfiguration section */
		BFD771DC24FAB14A00AFDC7C /* Debug */ = {
			isa = XCBuildConfiguration;
			buildSettings = {
				ALWAYS_SEARCH_USER_PATHS = NO;
				CLANG_ANALYZER_NONNULL = YES;
				CLANG_ANALYZER_NUMBER_OBJECT_CONVERSION = YES_AGGRESSIVE;
				CLANG_CXX_LANGUAGE_STANDARD = "gnu++14";
				CLANG_CXX_LIBRARY = "libc++";
				CLANG_ENABLE_MODULES = YES;
				CLANG_ENABLE_OBJC_ARC = YES;
				CLANG_ENABLE_OBJC_WEAK = YES;
				CLANG_WARN_BLOCK_CAPTURE_AUTORELEASING = YES;
				CLANG_WARN_BOOL_CONVERSION = YES;
				CLANG_WARN_COMMA = YES;
				CLANG_WARN_CONSTANT_CONVERSION = YES;
				CLANG_WARN_DEPRECATED_OBJC_IMPLEMENTATIONS = YES;
				CLANG_WARN_DIRECT_OBJC_ISA_USAGE = YES_ERROR;
				CLANG_WARN_DOCUMENTATION_COMMENTS = YES;
				CLANG_WARN_EMPTY_BODY = YES;
				CLANG_WARN_ENUM_CONVERSION = YES;
				CLANG_WARN_INFINITE_RECURSION = YES;
				CLANG_WARN_INT_CONVERSION = YES;
				CLANG_WARN_NON_LITERAL_NULL_CONVERSION = YES;
				CLANG_WARN_OBJC_IMPLICIT_RETAIN_SELF = YES;
				CLANG_WARN_OBJC_LITERAL_CONVERSION = YES;
				CLANG_WARN_OBJC_ROOT_CLASS = YES_ERROR;
				CLANG_WARN_RANGE_LOOP_ANALYSIS = YES;
				CLANG_WARN_STRICT_PROTOTYPES = YES;
				CLANG_WARN_SUSPICIOUS_MOVE = YES;
				CLANG_WARN_UNGUARDED_AVAILABILITY = YES_AGGRESSIVE;
				CLANG_WARN_UNREACHABLE_CODE = YES;
				CLANG_WARN__DUPLICATE_METHOD_MATCH = YES;
				COPY_PHASE_STRIP = NO;
				DEBUG_INFORMATION_FORMAT = dwarf;
				ENABLE_STRICT_OBJC_MSGSEND = YES;
				ENABLE_TESTABILITY = YES;
				GCC_C_LANGUAGE_STANDARD = gnu11;
				GCC_DYNAMIC_NO_PIC = NO;
				GCC_NO_COMMON_BLOCKS = YES;
				GCC_OPTIMIZATION_LEVEL = 0;
				GCC_PREPROCESSOR_DEFINITIONS = (
					"DEBUG=1",
					"$(inherited)",
				);
				GCC_WARN_64_TO_32_BIT_CONVERSION = YES;
				GCC_WARN_ABOUT_RETURN_TYPE = YES_ERROR;
				GCC_WARN_UNDECLARED_SELECTOR = YES;
				GCC_WARN_UNINITIALIZED_AUTOS = YES_AGGRESSIVE;
				GCC_WARN_UNUSED_FUNCTION = YES;
				GCC_WARN_UNUSED_VARIABLE = YES;
				IPHONEOS_DEPLOYMENT_TARGET = 13.6;
				MTL_ENABLE_DEBUG_INFO = INCLUDE_SOURCE;
				MTL_FAST_MATH = YES;
				ONLY_ACTIVE_ARCH = YES;
				SDKROOT = iphoneos;
				SWIFT_ACTIVE_COMPILATION_CONDITIONS = DEBUG;
				SWIFT_OPTIMIZATION_LEVEL = "-Onone";
			};
			name = Debug;
		};
		BFD771DD24FAB14A00AFDC7C /* Release */ = {
			isa = XCBuildConfiguration;
			buildSettings = {
				ALWAYS_SEARCH_USER_PATHS = NO;
				CLANG_ANALYZER_NONNULL = YES;
				CLANG_ANALYZER_NUMBER_OBJECT_CONVERSION = YES_AGGRESSIVE;
				CLANG_CXX_LANGUAGE_STANDARD = "gnu++14";
				CLANG_CXX_LIBRARY = "libc++";
				CLANG_ENABLE_MODULES = YES;
				CLANG_ENABLE_OBJC_ARC = YES;
				CLANG_ENABLE_OBJC_WEAK = YES;
				CLANG_WARN_BLOCK_CAPTURE_AUTORELEASING = YES;
				CLANG_WARN_BOOL_CONVERSION = YES;
				CLANG_WARN_COMMA = YES;
				CLANG_WARN_CONSTANT_CONVERSION = YES;
				CLANG_WARN_DEPRECATED_OBJC_IMPLEMENTATIONS = YES;
				CLANG_WARN_DIRECT_OBJC_ISA_USAGE = YES_ERROR;
				CLANG_WARN_DOCUMENTATION_COMMENTS = YES;
				CLANG_WARN_EMPTY_BODY = YES;
				CLANG_WARN_ENUM_CONVERSION = YES;
				CLANG_WARN_INFINITE_RECURSION = YES;
				CLANG_WARN_INT_CONVERSION = YES;
				CLANG_WARN_NON_LITERAL_NULL_CONVERSION = YES;
				CLANG_WARN_OBJC_IMPLICIT_RETAIN_SELF = YES;
				CLANG_WARN_OBJC_LITERAL_CONVERSION = YES;
				CLANG_WARN_OBJC_ROOT_CLASS = YES_ERROR;
				CLANG_WARN_RANGE_LOOP_ANALYSIS = YES;
				CLANG_WARN_STRICT_PROTOTYPES = YES;
				CLANG_WARN_SUSPICIOUS_MOVE = YES;
				CLANG_WARN_UNGUARDED_AVAILABILITY = YES_AGGRESSIVE;
				CLANG_WARN_UNREACHABLE_CODE = YES;
				CLANG_WARN__DUPLICATE_METHOD_MATCH = YES;
				COPY_PHASE_STRIP = NO;
				DEBUG_INFORMATION_FORMAT = "dwarf-with-dsym";
				ENABLE_NS_ASSERTIONS = NO;
				ENABLE_STRICT_OBJC_MSGSEND = YES;
				GCC_C_LANGUAGE_STANDARD = gnu11;
				GCC_NO_COMMON_BLOCKS = YES;
				GCC_WARN_64_TO_32_BIT_CONVERSION = YES;
				GCC_WARN_ABOUT_RETURN_TYPE = YES_ERROR;
				GCC_WARN_UNDECLARED_SELECTOR = YES;
				GCC_WARN_UNINITIALIZED_AUTOS = YES_AGGRESSIVE;
				GCC_WARN_UNUSED_FUNCTION = YES;
				GCC_WARN_UNUSED_VARIABLE = YES;
				IPHONEOS_DEPLOYMENT_TARGET = 13.6;
				MTL_ENABLE_DEBUG_INFO = NO;
				MTL_FAST_MATH = YES;
				SDKROOT = iphoneos;
				SWIFT_COMPILATION_MODE = wholemodule;
				SWIFT_OPTIMIZATION_LEVEL = "-O";
				VALIDATE_PRODUCT = YES;
			};
			name = Release;
		};
		BFD771DF24FAB14A00AFDC7C /* Debug */ = {
			isa = XCBuildConfiguration;
			buildSettings = {
				ASSETCATALOG_COMPILER_APPICON_NAME = AppIcon;
				CODE_SIGN_STYLE = Automatic;
				DEVELOPMENT_ASSET_PATHS = "\"Airflow/Preview Content\"";
				DEVELOPMENT_TEAM = LXGF37426G;
				ENABLE_PREVIEWS = YES;
				INFOPLIST_FILE = Airflow/Info.plist;
				LD_RUNPATH_SEARCH_PATHS = (
					"$(inherited)",
					"@executable_path/Frameworks",
				);
				PRODUCT_BUNDLE_IDENTIFIER = com.Airflow;
				PRODUCT_NAME = "$(TARGET_NAME)";
				SWIFT_VERSION = 5.0;
				TARGETED_DEVICE_FAMILY = "1,2";
			};
			name = Debug;
		};
		BFD771E024FAB14A00AFDC7C /* Release */ = {
			isa = XCBuildConfiguration;
			buildSettings = {
				ASSETCATALOG_COMPILER_APPICON_NAME = AppIcon;
				CODE_SIGN_STYLE = Automatic;
				DEVELOPMENT_ASSET_PATHS = "\"Airflow/Preview Content\"";
				DEVELOPMENT_TEAM = LXGF37426G;
				ENABLE_PREVIEWS = YES;
				INFOPLIST_FILE = Airflow/Info.plist;
				LD_RUNPATH_SEARCH_PATHS = (
					"$(inherited)",
					"@executable_path/Frameworks",
				);
				PRODUCT_BUNDLE_IDENTIFIER = com.Airflow;
				PRODUCT_NAME = "$(TARGET_NAME)";
				SWIFT_VERSION = 5.0;
				TARGETED_DEVICE_FAMILY = "1,2";
			};
			name = Release;
		};
/* End XCBuildConfiguration section */

/* Begin XCConfigurationList section */
		BFD771C224FAB14500AFDC7C /* Build configuration list for PBXProject "Airflow" */ = {
			isa = XCConfigurationList;
			buildConfigurations = (
				BFD771DC24FAB14A00AFDC7C /* Debug */,
				BFD771DD24FAB14A00AFDC7C /* Release */,
			);
			defaultConfigurationIsVisible = 0;
			defaultConfigurationName = Release;
		};
		BFD771DE24FAB14A00AFDC7C /* Build configuration list for PBXNativeTarget "Airflow" */ = {
			isa = XCConfigurationList;
			buildConfigurations = (
				BFD771DF24FAB14A00AFDC7C /* Debug */,
				BFD771E024FAB14A00AFDC7C /* Release */,
			);
			defaultConfigurationIsVisible = 0;
			defaultConfigurationName = Release;
		};
/* End XCConfigurationList section */

/* Begin XCVersionGroup section */
		BFD771CE24FAB14500AFDC7C /* Airflow.xcdatamodeld */ = {
			isa = XCVersionGroup;
			children = (
				BFD771CF24FAB14500AFDC7C /* Airflow.xcdatamodel */,
			);
			currentVersion = BFD771CF24FAB14500AFDC7C /* Airflow.xcdatamodel */;
			path = Airflow.xcdatamodeld;
			sourceTree = "<group>";
			versionGroupType = wrapper.xcdatamodel;
		};
/* End XCVersionGroup section */
	};
	rootObject = BFD771BF24FAB14500AFDC7C /* Project object */;
}
